
Microsoft Visual Studio Solution File, Format Version 12.00
# Visual Studio Version 17
VisualStudioVersion = 17.10.35013.160
MinimumVisualStudioVersion = 10.0.40219.1
Project("{FAE04EC0-301F-11D3-BF4B-00C04F79EFBC}") = "Finals_DSA", "Finals_DSA\Finals_DSA.csproj", "{1E369288-49F0-4804-A51E-2CFB2B39D415}"
EndProject
Global
	GlobalSection(SolutionConfigurationPlatforms) = preSolution
		Debug|Any CPU = Debug|Any CPU
		Release|Any CPU = Release|Any CPU
	EndGlobalSection
	GlobalSection(ProjectConfigurationPlatforms) = postSolution
		{1E369288-49F0-4804-A51E-2CFB2B39D415}.Debug|Any CPU.ActiveCfg = Debug|Any CPU
		{1E369288-49F0-4804-A51E-2CFB2B39D415}.Debug|Any CPU.Build.0 = Debug|Any CPU
		{1E369288-49F0-4804-A51E-2CFB2B39D415}.Release|Any CPU.ActiveCfg = Release|Any CPU
		{1E369288-49F0-4804-A51E-2CFB2B39D415}.Release|Any CPU.Build.0 = Release|Any CPU
	EndGlobalSection
	GlobalSection(SolutionProperties) = preSolution
		HideSolutionNode = FALSE
	EndGlobalSection
	GlobalSection(ExtensibilityGlobals) = postSolution
		SolutionGuid = {54C1D343-730A-42A3-A76C-8255B48A3770}
	EndGlobalSection
EndGlobal
